
Microsoft Visual Studio Solution File, Format Version 12.00
# Visual Studio 15
VisualStudioVersion = 15.0.27428.2015
MinimumVisualStudioVersion = 10.0.40219.1
Project("{FAE04EC0-301F-11D3-BF4B-00C04F79EFBC}") = "NrsSpear", "NrsSpear\NrsSpear.csproj", "{5779EAC4-7BDD-4BCE-87EA-E9FC220A0340}"
EndProject
Global
	GlobalSection(SolutionConfigurationPlatforms) = preSolution
		Debug|Any CPU = Debug|Any CPU
		Release|Any CPU = Release|Any CPU
	EndGlobalSection
	GlobalSection(ProjectConfigurationPlatforms) = postSolution
		{5779EAC4-7BDD-4BCE-87EA-E9FC220A0340}.Debug|Any CPU.ActiveCfg = Debug|Any CPU
		{5779EAC4-7BDD-4BCE-87EA-E9FC220A0340}.Debug|Any CPU.Build.0 = Debug|Any CPU
		{5779EAC4-7BDD-4BCE-87EA-E9FC220A0340}.Release|Any CPU.ActiveCfg = Release|Any CPU
		{5779EAC4-7BDD-4BCE-87EA-E9FC220A0340}.Release|Any CPU.Build.0 = Release|Any CPU
	EndGlobalSection
	GlobalSection(SolutionProperties) = preSolution
		HideSolutionNode = FALSE
	EndGlobalSection
	GlobalSection(ExtensibilityGlobals) = postSolution
		SolutionGuid = {78A111F4-74A5-44A7-8855-6227E657FC11}
	EndGlobalSection
EndGlobal
